
Microsoft Visual Studio Solution File, Format Version 12.00
# Visual Studio 15
VisualStudioVersion = 15.0.28307.421
MinimumVisualStudioVersion = 10.0.40219.1
Project("{9A19103F-16F7-4668-BE54-9A1E7A4F7556}") = "Registracio.Model", "Academia.Model\Registracio.Model.csproj", "{61DD3047-1389-4AE1-BC1E-00CD1A3A774D}"
EndProject
Project("{9A19103F-16F7-4668-BE54-9A1E7A4F7556}") = "SchoolSolution.DataContext", "Academia.DataContext\SchoolSolution.DataContext.csproj", "{C50FCEBE-59DF-4345-BF91-0E3805FFCEB2}"
EndProject
Project("{9A19103F-16F7-4668-BE54-9A1E7A4F7556}") = "SchoolSolution.DatabaseCreate.ConsoleApp", "Academia.DatabaseCreate.ConsoleApp\SchoolSolution.DatabaseCreate.ConsoleApp.csproj", "{A3462537-0761-46E4-B4F9-61419D10BE31}"
	ProjectSection(ProjectDependencies) = postProject
		{2ED13852-47B7-4BD1-AA42-E0C3AA5D8537} = {2ED13852-47B7-4BD1-AA42-E0C3AA5D8537}
	EndProjectSection
EndProject
Project("{9A19103F-16F7-4668-BE54-9A1E7A4F7556}") = "SchoolSolution.Api", "Academia.Api\SchoolSolution.Api.csproj", "{8A66197B-8203-4D69-9898-E42C9B8C4D9D}"
EndProject
Project("{FAE04EC0-301F-11D3-BF4B-00C04F79EFBC}") = "Registracio.UWP", "SchoolSolution.UWP2\Registracio.UWP.csproj", "{2ED13852-47B7-4BD1-AA42-E0C3AA5D8537}"
EndProject
Global
	GlobalSection(SolutionConfigurationPlatforms) = preSolution
		Debug|Any CPU = Debug|Any CPU
		Debug|ARM = Debug|ARM
		Debug|ARM64 = Debug|ARM64
		Debug|x64 = Debug|x64
		Debug|x86 = Debug|x86
		Release|Any CPU = Release|Any CPU
		Release|ARM = Release|ARM
		Release|ARM64 = Release|ARM64
		Release|x64 = Release|x64
		Release|x86 = Release|x86
	EndGlobalSection
	GlobalSection(ProjectConfigurationPlatforms) = postSolution
		{61DD3047-1389-4AE1-BC1E-00CD1A3A774D}.Debug|Any CPU.ActiveCfg = Debug|Any CPU
		{61DD3047-1389-4AE1-BC1E-00CD1A3A774D}.Debug|Any CPU.Build.0 = Debug|Any CPU
		{61DD3047-1389-4AE1-BC1E-00CD1A3A774D}.Debug|ARM.ActiveCfg = Debug|Any CPU
		{61DD3047-1389-4AE1-BC1E-00CD1A3A774D}.Debug|ARM.Build.0 = Debug|Any CPU
		{61DD3047-1389-4AE1-BC1E-00CD1A3A774D}.Debug|ARM64.ActiveCfg = Debug|Any CPU
		{61DD3047-1389-4AE1-BC1E-00CD1A3A774D}.Debug|ARM64.Build.0 = Debug|Any CPU
		{61DD3047-1389-4AE1-BC1E-00CD1A3A774D}.Debug|x64.ActiveCfg = Debug|Any CPU
		{61DD3047-1389-4AE1-BC1E-00CD1A3A774D}.Debug|x64.Build.0 = Debug|Any CPU
		{61DD3047-1389-4AE1-BC1E-00CD1A3A774D}.Debug|x86.ActiveCfg = Debug|Any CPU
		{61DD3047-1389-4AE1-BC1E-00CD1A3A774D}.Debug|x86.Build.0 = Debug|Any CPU
		{61DD3047-1389-4AE1-BC1E-00CD1A3A774D}.Release|Any CPU.ActiveCfg = Release|Any CPU
		{61DD3047-1389-4AE1-BC1E-00CD1A3A774D}.Release|Any CPU.Build.0 = Release|Any CPU
		{61DD3047-1389-4AE1-BC1E-00CD1A3A774D}.Release|ARM.ActiveCfg = Release|Any CPU
		{61DD3047-1389-4AE1-BC1E-00CD1A3A774D}.Release|ARM.Build.0 = Release|Any CPU
		{61DD3047-1389-4AE1-BC1E-00CD1A3A774D}.Release|ARM64.ActiveCfg = Release|Any CPU
		{61DD3047-1389-4AE1-BC1E-00CD1A3A774D}.Release|ARM64.Build.0 = Release|Any CPU
		{61DD3047-1389-4AE1-BC1E-00CD1A3A774D}.Release|x64.ActiveCfg = Release|Any CPU
		{61DD3047-1389-4AE1-BC1E-00CD1A3A774D}.Release|x64.Build.0 = Release|Any CPU
		{61DD3047-1389-4AE1-BC1E-00CD1A3A774D}.Release|x86.ActiveCfg = Release|Any CPU
		{61DD3047-1389-4AE1-BC1E-00CD1A3A774D}.Release|x86.Build.0 = Release|Any CPU
		{C50FCEBE-59DF-4345-BF91-0E3805FFCEB2}.Debug|Any CPU.ActiveCfg = Debug|Any CPU
		{C50FCEBE-59DF-4345-BF91-0E3805FFCEB2}.Debug|Any CPU.Build.0 = Debug|Any CPU
		{C50FCEBE-59DF-4345-BF91-0E3805FFCEB2}.Debug|ARM.ActiveCfg = Debug|Any CPU
		{C50FCEBE-59DF-4345-BF91-0E3805FFCEB2}.Debug|ARM.Build.0 = Debug|Any CPU
		{C50FCEBE-59DF-4345-BF91-0E3805FFCEB2}.Debug|ARM64.ActiveCfg = Debug|Any CPU
		{C50FCEBE-59DF-4345-BF91-0E3805FFCEB2}.Debug|ARM64.Build.0 = Debug|Any CPU
		{C50FCEBE-59DF-4345-BF91-0E3805FFCEB2}.Debug|x64.ActiveCfg = Debug|Any CPU
		{C50FCEBE-59DF-4345-BF91-0E3805FFCEB2}.Debug|x64.Build.0 = Debug|Any CPU
		{C50FCEBE-59DF-4345-BF91-0E3805FFCEB2}.Debug|x86.ActiveCfg = Debug|Any CPU
		{C50FCEBE-59DF-4345-BF91-0E3805FFCEB2}.Debug|x86.Build.0 = Debug|Any CPU
		{C50FCEBE-59DF-4345-BF91-0E3805FFCEB2}.Release|Any CPU.ActiveCfg = Release|Any CPU
		{C50FCEBE-59DF-4345-BF91-0E3805FFCEB2}.Release|Any CPU.Build.0 = Release|Any CPU
		{C50FCEBE-59DF-4345-BF91-0E3805FFCEB2}.Release|ARM.ActiveCfg = Release|Any CPU
		{C50FCEBE-59DF-4345-BF91-0E3805FFCEB2}.Release|ARM.Build.0 = Release|Any CPU
		{C50FCEBE-59DF-4345-BF91-0E3805FFCEB2}.Release|ARM64.ActiveCfg = Release|Any CPU
		{C50FCEBE-59DF-4345-BF91-0E3805FFCEB2}.Release|ARM64.Build.0 = Release|Any CPU
		{C50FCEBE-59DF-4345-BF91-0E3805FFCEB2}.Release|x64.ActiveCfg = Release|Any CPU
		{C50FCEBE-59DF-4345-BF91-0E3805FFCEB2}.Release|x64.Build.0 = Release|Any CPU
		{C50FCEBE-59DF-4345-BF91-0E3805FFCEB2}.Release|x86.ActiveCfg = Release|Any CPU
		{C50FCEBE-59DF-4345-BF91-0E3805FFCEB2}.Release|x86.Build.0 = Release|Any CPU
		{A3462537-0761-46E4-B4F9-61419D10BE31}.Debug|Any CPU.ActiveCfg = Debug|Any CPU
		{A3462537-0761-46E4-B4F9-61419D10BE31}.Debug|Any CPU.Build.0 = Debug|Any CPU
		{A3462537-0761-46E4-B4F9-61419D10BE31}.Debug|ARM.ActiveCfg = Debug|Any CPU
		{A3462537-0761-46E4-B4F9-61419D10BE31}.Debug|ARM.Build.0 = Debug|Any CPU
		{A3462537-0761-46E4-B4F9-61419D10BE31}.Debug|ARM64.ActiveCfg = Debug|Any CPU
		{A3462537-0761-46E4-B4F9-61419D10BE31}.Debug|ARM64.Build.0 = Debug|Any CPU
		{A3462537-0761-46E4-B4F9-61419D10BE31}.Debug|x64.ActiveCfg = Debug|Any CPU
		{A3462537-0761-46E4-B4F9-61419D10BE31}.Debug|x64.Build.0 = Debug|Any CPU
		{A3462537-0761-46E4-B4F9-61419D10BE31}.Debug|x86.ActiveCfg = Debug|Any CPU
		{A3462537-0761-46E4-B4F9-61419D10BE31}.Debug|x86.Build.0 = Debug|Any CPU
		{A3462537-0761-46E4-B4F9-61419D10BE31}.Release|Any CPU.ActiveCfg = Release|Any CPU
		{A3462537-0761-46E4-B4F9-61419D10BE31}.Release|Any CPU.Build.0 = Release|Any CPU
		{A3462537-0761-46E4-B4F9-61419D10BE31}.Release|ARM.ActiveCfg = Release|Any CPU
		{A3462537-0761-46E4-B4F9-61419D10BE31}.Release|ARM.Build.0 = Release|Any CPU
		{A3462537-0761-46E4-B4F9-61419D10BE31}.Release|ARM64.ActiveCfg = Release|Any CPU
		{A3462537-0761-46E4-B4F9-61419D10BE31}.Release|ARM64.Build.0 = Release|Any CPU
		{A3462537-0761-46E4-B4F9-61419D10BE31}.Release|x64.ActiveCfg = Release|Any CPU
		{A3462537-0761-46E4-B4F9-61419D10BE31}.Release|x64.Build.0 = Release|Any CPU
		{A3462537-0761-46E4-B4F9-61419D10BE31}.Release|x86.ActiveCfg = Release|Any CPU
		{A3462537-0761-46E4-B4F9-61419D10BE31}.Release|x86.Build.0 = Release|Any CPU
		{8A66197B-8203-4D69-9898-E42C9B8C4D9D}.Debug|Any CPU.ActiveCfg = Debug|Any CPU
		{8A66197B-8203-4D69-9898-E42C9B8C4D9D}.Debug|Any CPU.Build.0 = Debug|Any CPU
		{8A66197B-8203-4D69-9898-E42C9B8C4D9D}.Debug|ARM.ActiveCfg = Debug|Any CPU
		{8A66197B-8203-4D69-9898-E42C9B8C4D9D}.Debug|ARM.Build.0 = Debug|Any CPU
		{8A66197B-8203-4D69-9898-E42C9B8C4D9D}.Debug|ARM64.ActiveCfg = Debug|Any CPU
		{8A66197B-8203-4D69-9898-E42C9B8C4D9D}.Debug|ARM64.Build.0 = Debug|Any CPU
		{8A66197B-8203-4D69-9898-E42C9B8C4D9D}.Debug|x64.ActiveCfg = Debug|Any CPU
		{8A66197B-8203-4D69-9898-E42C9B8C4D9D}.Debug|x64.Build.0 = Debug|Any CPU
		{8A66197B-8203-4D69-9898-E42C9B8C4D9D}.Debug|x86.ActiveCfg = Debug|Any CPU
		{8A66197B-8203-4D69-9898-E42C9B8C4D9D}.Debug|x86.Build.0 = Debug|Any CPU
		{8A66197B-8203-4D69-9898-E42C9B8C4D9D}.Release|Any CPU.ActiveCfg = Release|Any CPU
		{8A66197B-8203-4D69-9898-E42C9B8C4D9D}.Release|Any CPU.Build.0 = Release|Any CPU
		{8A66197B-8203-4D69-9898-E42C9B8C4D9D}.Release|ARM.ActiveCfg = Release|Any CPU
		{8A66197B-8203-4D69-9898-E42C9B8C4D9D}.Release|ARM.Build.0 = Release|Any CPU
		{8A66197B-8203-4D69-9898-E42C9B8C4D9D}.Release|ARM64.ActiveCfg = Release|Any CPU
		{8A66197B-8203-4D69-9898-E42C9B8C4D9D}.Release|ARM64.Build.0 = Release|Any CPU
		{8A66197B-8203-4D69-9898-E42C9B8C4D9D}.Release|x64.ActiveCfg = Release|Any CPU
		{8A66197B-8203-4D69-9898-E42C9B8C4D9D}.Release|x64.Build.0 = Release|Any CPU
		{8A66197B-8203-4D69-9898-E42C9B8C4D9D}.Release|x86.ActiveCfg = Release|Any CPU
		{8A66197B-8203-4D69-9898-E42C9B8C4D9D}.Release|x86.Build.0 = Release|Any CPU
		{2ED13852-47B7-4BD1-AA42-E0C3AA5D8537}.Debug|Any CPU.ActiveCfg = Debug|x86
		{2ED13852-47B7-4BD1-AA42-E0C3AA5D8537}.Debug|ARM.ActiveCfg = Debug|ARM
		{2ED13852-47B7-4BD1-AA42-E0C3AA5D8537}.Debug|ARM.Build.0 = Debug|ARM
		{2ED13852-47B7-4BD1-AA42-E0C3AA5D8537}.Debug|ARM.Deploy.0 = Debug|ARM
		{2ED13852-47B7-4BD1-AA42-E0C3AA5D8537}.Debug|ARM64.ActiveCfg = Debug|ARM64
		{2ED13852-47B7-4BD1-AA42-E0C3AA5D8537}.Debug|ARM64.Build.0 = Debug|ARM64
		{2ED13852-47B7-4BD1-AA42-E0C3AA5D8537}.Debug|ARM64.Deploy.0 = Debug|ARM64
		{2ED13852-47B7-4BD1-AA42-E0C3AA5D8537}.Debug|x64.ActiveCfg = Debug|x64
		{2ED13852-47B7-4BD1-AA42-E0C3AA5D8537}.Debug|x64.Build.0 = Debug|x64
		{2ED13852-47B7-4BD1-AA42-E0C3AA5D8537}.Debug|x64.Deploy.0 = Debug|x64
		{2ED13852-47B7-4BD1-AA42-E0C3AA5D8537}.Debug|x86.ActiveCfg = Debug|x86
		{2ED13852-47B7-4BD1-AA42-E0C3AA5D8537}.Debug|x86.Build.0 = Debug|x86
		{2ED13852-47B7-4BD1-AA42-E0C3AA5D8537}.Debug|x86.Deploy.0 = Debug|x86
		{2ED13852-47B7-4BD1-AA42-E0C3AA5D8537}.Release|Any CPU.ActiveCfg = Release|x86
		{2ED13852-47B7-4BD1-AA42-E0C3AA5D8537}.Release|ARM.ActiveCfg = Release|ARM
		{2ED13852-47B7-4BD1-AA42-E0C3AA5D8537}.Release|ARM.Build.0 = Release|ARM
		{2ED13852-47B7-4BD1-AA42-E0C3AA5D8537}.Release|ARM.Deploy.0 = Release|ARM
		{2ED13852-47B7-4BD1-AA42-E0C3AA5D8537}.Release|ARM64.ActiveCfg = Release|ARM64
		{2ED13852-47B7-4BD1-AA42-E0C3AA5D8537}.Release|ARM64.Build.0 = Release|ARM64
		{2ED13852-47B7-4BD1-AA42-E0C3AA5D8537}.Release|ARM64.Deploy.0 = Release|ARM64
		{2ED13852-47B7-4BD1-AA42-E0C3AA5D8537}.Release|x64.ActiveCfg = Release|x64
		{2ED13852-47B7-4BD1-AA42-E0C3AA5D8537}.Release|x64.Build.0 = Release|x64
		{2ED13852-47B7-4BD1-AA42-E0C3AA5D8537}.Release|x64.Deploy.0 = Release|x64
		{2ED13852-47B7-4BD1-AA42-E0C3AA5D8537}.Release|x86.ActiveCfg = Release|x86
		{2ED13852-47B7-4BD1-AA42-E0C3AA5D8537}.Release|x86.Build.0 = Release|x86
		{2ED13852-47B7-4BD1-AA42-E0C3AA5D8537}.Release|x86.Deploy.0 = Release|x86
	EndGlobalSection
	GlobalSection(SolutionProperties) = preSolution
		HideSolutionNode = FALSE
	EndGlobalSection
	GlobalSection(ExtensibilityGlobals) = postSolution
		SolutionGuid = {0800156A-4C4D-46EE-B99D-1EB979DE862C}
	EndGlobalSection
EndGlobal
